
Microsoft Visual Studio Solution File, Format Version 12.00
# Visual Studio Version 16
VisualStudioVersion = 16.0.29509.3
MinimumVisualStudioVersion = 10.0.40219.1
Project("{8BC9CEB8-8B4A-11D0-8D11-00A0C91BC942}") = "Prog1", "Prog1\Prog1.vcxproj", "{359B6DE9-B0F5-4A07-BFBE-549263D975B8}"
EndProject
Global
	GlobalSection(SolutionConfigurationPlatforms) = preSolution
		Debug|x64 = Debug|x64
		Debug|x86 = Debug|x86
		Release|x64 = Release|x64
		Release|x86 = Release|x86
	EndGlobalSection
	GlobalSection(ProjectConfigurationPlatforms) = postSolution
		{359B6DE9-B0F5-4A07-BFBE-549263D975B8}.Debug|x64.ActiveCfg = Debug|x64
		{359B6DE9-B0F5-4A07-BFBE-549263D975B8}.Debug|x64.Build.0 = Debug|x64
		{359B6DE9-B0F5-4A07-BFBE-549263D975B8}.Debug|x86.ActiveCfg = Debug|Win32
		{359B6DE9-B0F5-4A07-BFBE-549263D975B8}.Debug|x86.Build.0 = Debug|Win32
		{359B6DE9-B0F5-4A07-BFBE-549263D975B8}.Release|x64.ActiveCfg = Release|x64
		{359B6DE9-B0F5-4A07-BFBE-549263D975B8}.Release|x64.Build.0 = Release|x64
		{359B6DE9-B0F5-4A07-BFBE-549263D975B8}.Release|x86.ActiveCfg = Release|Win32
		{359B6DE9-B0F5-4A07-BFBE-549263D975B8}.Release|x86.Build.0 = Release|Win32
	EndGlobalSection
	GlobalSection(SolutionProperties) = preSolution
		HideSolutionNode = FALSE
	EndGlobalSection
	GlobalSection(ExtensibilityGlobals) = postSolution
		SolutionGuid = {B5C3BA51-92F3-430E-A8D4-8ABC385827B1}
	EndGlobalSection
EndGlobal
